{
  "object": {
    "pins": [
      {
        "package": "ANSIEscapeCode",
        "repositoryURL": "https://github.com/flintprocessor/ANSIEscapeCode",
        "state": {
          "branch": "master",
          "revision": "892f5f3067ea4c029af05cb45efb3b6a3be2f838",
          "version": null
        }
      },
      {
        "package": "swift-argument-parser",
        "repositoryURL": "https://github.com/tomasharkema/swift-argument-parser.git",
        "state": {
          "branch": "swift-5.5-async",
          "revision": "1c92828d434a87dea33d63e7276848e108617010",
          "version": null
        }
      },
      {
        "package": "swift-crypto",
        "repositoryURL": "https://github.com/apple/swift-crypto.git",
        "state": {
          "branch": null,
          "revision": "3bea268b223651c4ab7b7b9ad62ef9b2d4143eb6",
          "version": "1.1.6"
        }
      },
      {
        "package": "swift-nio",
        "repositoryURL": "https://github.com/apple/swift-nio",
        "state": {
          "branch": null,
          "revision": "d79e33308b0ac83326b0ead0ea6446e604b8162d",
          "version": "2.30.0"
        }
      },
      {
        "package": "swift-nio-ssh",
        "repositoryURL": "https://github.com/apple/swift-nio-ssh",
        "state": {
          "branch": null,
          "revision": "bc1a91daf3ae35134fbca5655ed221668d0369d3",
          "version": "0.3.0"
        }
      }
    ]
  },
  "version": 1
}
