// !$*UTF8*$!
{
	archiveVersion = 1;
	classes = {
	};
	objectVersion = 55;
	objects = {

/* Begin PBXBuildFile section */
		C303CC492680B23E00201FEF /* GameView.swift in Sources */ = {isa = PBXBuildFile; fileRef = C303CC482680B23E00201FEF /* GameView.swift */; };
		C303CC4C2680B27E00201FEF /* StatedButton.swift in Sources */ = {isa = PBXBuildFile; fileRef = C303CC4B2680B27E00201FEF /* StatedButton.swift */; };
		C303CC4E2680B33500201FEF /* AppInputUserInputAI.swift in Sources */ = {isa = PBXBuildFile; fileRef = C303CC4D2680B33500201FEF /* AppInputUserInputAI.swift */; };
		C303CC522680B4AB00201FEF /* PlayerView.swift in Sources */ = {isa = PBXBuildFile; fileRef = C303CC512680B4AB00201FEF /* PlayerView.swift */; };
		C303CC542680B64200201FEF /* CardStackView.swift in Sources */ = {isa = PBXBuildFile; fileRef = C303CC532680B64200201FEF /* CardStackView.swift */; };
		C303CC582680B73D00201FEF /* CardView.swift in Sources */ = {isa = PBXBuildFile; fileRef = C303CC572680B73D00201FEF /* CardView.swift */; };
		C303CC5A2680B7E900201FEF /* TableView.swift in Sources */ = {isa = PBXBuildFile; fileRef = C303CC592680B7E900201FEF /* TableView.swift */; };
		C303CC5C2680B9F400201FEF /* LocalPlayerView.swift in Sources */ = {isa = PBXBuildFile; fileRef = C303CC5B2680B9F400201FEF /* LocalPlayerView.swift */; };
		C303CC5E2680BEC400201FEF /* CardWaverView.swift in Sources */ = {isa = PBXBuildFile; fileRef = C303CC5D2680BEC400201FEF /* CardWaverView.swift */; };
		C303CC602680C23600201FEF /* OrientationStack.swift in Sources */ = {isa = PBXBuildFile; fileRef = C303CC5F2680C23600201FEF /* OrientationStack.swift */; };
		C303CC622680CE3E00201FEF /* MenuView.swift in Sources */ = {isa = PBXBuildFile; fileRef = C303CC612680CE3E00201FEF /* MenuView.swift */; };
		C303CC642680D6C100201FEF /* ConnectingView.swift in Sources */ = {isa = PBXBuildFile; fileRef = C303CC632680D6C100201FEF /* ConnectingView.swift */; };
		C314E6B3267CF97500A50A98 /* ShitheadenRuntime in Frameworks */ = {isa = PBXBuildFile; productRef = C314E6B2267CF97500A50A98 /* ShitheadenRuntime */; };
		C33A6C0D267CA87400FCF8C5 /* GameContainer.swift in Sources */ = {isa = PBXBuildFile; fileRef = C33A6C0C267CA87400FCF8C5 /* GameContainer.swift */; };
		C33A6C17267CD04800FCF8C5 /* CustomAlgo in Frameworks */ = {isa = PBXBuildFile; productRef = C33A6C16267CD04800FCF8C5 /* CustomAlgo */; };
		C3812A56267C816400397E65 /* ShitheadenAppApp.swift in Sources */ = {isa = PBXBuildFile; fileRef = C3812A55267C816400397E65 /* ShitheadenAppApp.swift */; };
		C3812A58267C816400397E65 /* ContentView.swift in Sources */ = {isa = PBXBuildFile; fileRef = C3812A57267C816400397E65 /* ContentView.swift */; };
		C3812A5A267C816500397E65 /* Assets.xcassets in Resources */ = {isa = PBXBuildFile; fileRef = C3812A59267C816500397E65 /* Assets.xcassets */; };
		C3812A5D267C816500397E65 /* Preview Assets.xcassets in Resources */ = {isa = PBXBuildFile; fileRef = C3812A5C267C816500397E65 /* Preview Assets.xcassets */; };
		C398542A26837F8200D64483 /* card.ttf in Resources */ = {isa = PBXBuildFile; fileRef = C398542926837F8200D64483 /* card.ttf */; };
		C39A09572682159C00F011BB /* AlertView.swift in Sources */ = {isa = PBXBuildFile; fileRef = C39A09562682159C00F011BB /* AlertView.swift */; };
/* End PBXBuildFile section */

/* Begin PBXFileReference section */
		C303CC482680B23E00201FEF /* GameView.swift */ = {isa = PBXFileReference; lastKnownFileType = sourcecode.swift; path = GameView.swift; sourceTree = "<group>"; };
		C303CC4B2680B27E00201FEF /* StatedButton.swift */ = {isa = PBXFileReference; lastKnownFileType = sourcecode.swift; path = StatedButton.swift; sourceTree = "<group>"; };
		C303CC4D2680B33500201FEF /* AppInputUserInputAI.swift */ = {isa = PBXFileReference; lastKnownFileType = sourcecode.swift; path = AppInputUserInputAI.swift; sourceTree = "<group>"; };
		C303CC512680B4AB00201FEF /* PlayerView.swift */ = {isa = PBXFileReference; lastKnownFileType = sourcecode.swift; path = PlayerView.swift; sourceTree = "<group>"; };
		C303CC532680B64200201FEF /* CardStackView.swift */ = {isa = PBXFileReference; lastKnownFileType = sourcecode.swift; path = CardStackView.swift; sourceTree = "<group>"; };
		C303CC572680B73D00201FEF /* CardView.swift */ = {isa = PBXFileReference; lastKnownFileType = sourcecode.swift; path = CardView.swift; sourceTree = "<group>"; };
		C303CC592680B7E900201FEF /* TableView.swift */ = {isa = PBXFileReference; lastKnownFileType = sourcecode.swift; path = TableView.swift; sourceTree = "<group>"; };
		C303CC5B2680B9F400201FEF /* LocalPlayerView.swift */ = {isa = PBXFileReference; lastKnownFileType = sourcecode.swift; path = LocalPlayerView.swift; sourceTree = "<group>"; };
		C303CC5D2680BEC400201FEF /* CardWaverView.swift */ = {isa = PBXFileReference; lastKnownFileType = sourcecode.swift; path = CardWaverView.swift; sourceTree = "<group>"; };
		C303CC5F2680C23600201FEF /* OrientationStack.swift */ = {isa = PBXFileReference; lastKnownFileType = sourcecode.swift; path = OrientationStack.swift; sourceTree = "<group>"; };
		C303CC612680CE3E00201FEF /* MenuView.swift */ = {isa = PBXFileReference; lastKnownFileType = sourcecode.swift; path = MenuView.swift; sourceTree = "<group>"; };
		C303CC632680D6C100201FEF /* ConnectingView.swift */ = {isa = PBXFileReference; lastKnownFileType = sourcecode.swift; path = ConnectingView.swift; sourceTree = "<group>"; };
		C33A6C0C267CA87400FCF8C5 /* GameContainer.swift */ = {isa = PBXFileReference; lastKnownFileType = sourcecode.swift; path = GameContainer.swift; sourceTree = "<group>"; };
		C3812A52267C816400397E65 /* ShitheadenApp.app */ = {isa = PBXFileReference; explicitFileType = wrapper.application; includeInIndex = 0; path = ShitheadenApp.app; sourceTree = BUILT_PRODUCTS_DIR; };
		C3812A55267C816400397E65 /* ShitheadenAppApp.swift */ = {isa = PBXFileReference; lastKnownFileType = sourcecode.swift; path = ShitheadenAppApp.swift; sourceTree = "<group>"; };
		C3812A57267C816400397E65 /* ContentView.swift */ = {isa = PBXFileReference; lastKnownFileType = sourcecode.swift; path = ContentView.swift; sourceTree = "<group>"; };
		C3812A59267C816500397E65 /* Assets.xcassets */ = {isa = PBXFileReference; lastKnownFileType = folder.assetcatalog; path = Assets.xcassets; sourceTree = "<group>"; };
		C3812A5C267C816500397E65 /* Preview Assets.xcassets */ = {isa = PBXFileReference; lastKnownFileType = folder.assetcatalog; path = "Preview Assets.xcassets"; sourceTree = "<group>"; };
		C398542926837F8200D64483 /* card.ttf */ = {isa = PBXFileReference; lastKnownFileType = file; path = card.ttf; sourceTree = "<group>"; };
		C398542B268380C600D64483 /* Info.plist */ = {isa = PBXFileReference; lastKnownFileType = text.plist; path = Info.plist; sourceTree = "<group>"; };
		C398B203267CA35D00AAD375 /* lib */ = {isa = PBXFileReference; lastKnownFileType = folder; path = lib; sourceTree = "<group>"; };
		C39A09562682159C00F011BB /* AlertView.swift */ = {isa = PBXFileReference; lastKnownFileType = sourcecode.swift; path = AlertView.swift; sourceTree = "<group>"; };
		C3FFA11C267CA6C3007972BA /* ShitheadenApp.entitlements */ = {isa = PBXFileReference; lastKnownFileType = text.plist.entitlements; path = ShitheadenApp.entitlements; sourceTree = "<group>"; };
/* End PBXFileReference section */

/* Begin PBXFrameworksBuildPhase section */
		C3812A4F267C816400397E65 /* Frameworks */ = {
			isa = PBXFrameworksBuildPhase;
			buildActionMask = 2147483647;
			files = (
				C314E6B3267CF97500A50A98 /* ShitheadenRuntime in Frameworks */,
				C33A6C17267CD04800FCF8C5 /* CustomAlgo in Frameworks */,
			);
			runOnlyForDeploymentPostprocessing = 0;
		};
/* End PBXFrameworksBuildPhase section */

/* Begin PBXGroup section */
		C303CC472680B22D00201FEF /* Game */ = {
			isa = PBXGroup;
			children = (
				C303CC502680B41400201FEF /* State */,
				C303CC4F2680B40C00201FEF /* View */,
				C303CC4B2680B27E00201FEF /* StatedButton.swift */,
			);
			path = Game;
			sourceTree = "<group>";
		};
		C303CC4A2680B27700201FEF /* Menu */ = {
			isa = PBXGroup;
			children = (
				C303CC612680CE3E00201FEF /* MenuView.swift */,
				C303CC632680D6C100201FEF /* ConnectingView.swift */,
				C39A09562682159C00F011BB /* AlertView.swift */,
			);
			path = Menu;
			sourceTree = "<group>";
		};
		C303CC4F2680B40C00201FEF /* View */ = {
			isa = PBXGroup;
			children = (
				C303CC482680B23E00201FEF /* GameView.swift */,
				C303CC512680B4AB00201FEF /* PlayerView.swift */,
				C303CC532680B64200201FEF /* CardStackView.swift */,
				C303CC572680B73D00201FEF /* CardView.swift */,
				C303CC592680B7E900201FEF /* TableView.swift */,
				C303CC5B2680B9F400201FEF /* LocalPlayerView.swift */,
				C303CC5D2680BEC400201FEF /* CardWaverView.swift */,
				C303CC5F2680C23600201FEF /* OrientationStack.swift */,
			);
			path = View;
			sourceTree = "<group>";
		};
		C303CC502680B41400201FEF /* State */ = {
			isa = PBXGroup;
			children = (
				C303CC4D2680B33500201FEF /* AppInputUserInputAI.swift */,
				C33A6C0C267CA87400FCF8C5 /* GameContainer.swift */,
			);
			path = State;
			sourceTree = "<group>";
		};
		C3812A49267C816400397E65 = {
			isa = PBXGroup;
			children = (
				C398B202267CA35D00AAD375 /* Packages */,
				C3812A54267C816400397E65 /* ShitheadenApp */,
				C3812A53267C816400397E65 /* Products */,
				C3812A65267C81F800397E65 /* Frameworks */,
			);
			sourceTree = "<group>";
		};
		C3812A53267C816400397E65 /* Products */ = {
			isa = PBXGroup;
			children = (
				C3812A52267C816400397E65 /* ShitheadenApp.app */,
			);
			name = Products;
			sourceTree = "<group>";
		};
		C3812A54267C816400397E65 /* ShitheadenApp */ = {
			isa = PBXGroup;
			children = (
				C398542B268380C600D64483 /* Info.plist */,
				C398542926837F8200D64483 /* card.ttf */,
				C303CC4A2680B27700201FEF /* Menu */,
				C303CC472680B22D00201FEF /* Game */,
				C3FFA11C267CA6C3007972BA /* ShitheadenApp.entitlements */,
				C3812A55267C816400397E65 /* ShitheadenAppApp.swift */,
				C3812A57267C816400397E65 /* ContentView.swift */,
				C3812A59267C816500397E65 /* Assets.xcassets */,
				C3812A5B267C816500397E65 /* Preview Content */,
			);
			path = ShitheadenApp;
			sourceTree = "<group>";
		};
		C3812A5B267C816500397E65 /* Preview Content */ = {
			isa = PBXGroup;
			children = (
				C3812A5C267C816500397E65 /* Preview Assets.xcassets */,
			);
			path = "Preview Content";
			sourceTree = "<group>";
		};
		C3812A65267C81F800397E65 /* Frameworks */ = {
			isa = PBXGroup;
			children = (
			);
			name = Frameworks;
			sourceTree = "<group>";
		};
		C398B202267CA35D00AAD375 /* Packages */ = {
			isa = PBXGroup;
			children = (
				C398B203267CA35D00AAD375 /* lib */,
			);
			name = Packages;
			sourceTree = "<group>";
		};
/* End PBXGroup section */

/* Begin PBXNativeTarget section */
		C3812A51267C816400397E65 /* ShitheadenApp */ = {
			isa = PBXNativeTarget;
			buildConfigurationList = C3812A60267C816500397E65 /* Build configuration list for PBXNativeTarget "ShitheadenApp" */;
			buildPhases = (
				C3812A4E267C816400397E65 /* Sources */,
				C3812A4F267C816400397E65 /* Frameworks */,
				C3812A50267C816400397E65 /* Resources */,
			);
			buildRules = (
			);
			dependencies = (
			);
			name = ShitheadenApp;
			packageProductDependencies = (
				C33A6C16267CD04800FCF8C5 /* CustomAlgo */,
				C314E6B2267CF97500A50A98 /* ShitheadenRuntime */,
			);
			productName = ShitheadenApp;
			productReference = C3812A52267C816400397E65 /* ShitheadenApp.app */;
			productType = "com.apple.product-type.application";
		};
/* End PBXNativeTarget section */

/* Begin PBXProject section */
		C3812A4A267C816400397E65 /* Project object */ = {
			isa = PBXProject;
			attributes = {
				BuildIndependentTargetsInParallel = 1;
				LastSwiftUpdateCheck = 1300;
				LastUpgradeCheck = 1300;
				TargetAttributes = {
					C3812A51267C816400397E65 = {
						CreatedOnToolsVersion = 13.0;
					};
				};
			};
			buildConfigurationList = C3812A4D267C816400397E65 /* Build configuration list for PBXProject "ShitheadenApp" */;
			compatibilityVersion = "Xcode 13.0";
			developmentRegion = en;
			hasScannedForEncodings = 0;
			knownRegions = (
				en,
				Base,
			);
			mainGroup = C3812A49267C816400397E65;
			productRefGroup = C3812A53267C816400397E65 /* Products */;
			projectDirPath = "";
			projectRoot = "";
			targets = (
				C3812A51267C816400397E65 /* ShitheadenApp */,
			);
		};
/* End PBXProject section */

/* Begin PBXResourcesBuildPhase section */
		C3812A50267C816400397E65 /* Resources */ = {
			isa = PBXResourcesBuildPhase;
			buildActionMask = 2147483647;
			files = (
				C3812A5D267C816500397E65 /* Preview Assets.xcassets in Resources */,
				C3812A5A267C816500397E65 /* Assets.xcassets in Resources */,
				C398542A26837F8200D64483 /* card.ttf in Resources */,
			);
			runOnlyForDeploymentPostprocessing = 0;
		};
/* End PBXResourcesBuildPhase section */

/* Begin PBXSourcesBuildPhase section */
		C3812A4E267C816400397E65 /* Sources */ = {
			isa = PBXSourcesBuildPhase;
			buildActionMask = 2147483647;
			files = (
				C303CC4E2680B33500201FEF /* AppInputUserInputAI.swift in Sources */,
				C303CC542680B64200201FEF /* CardStackView.swift in Sources */,
				C303CC642680D6C100201FEF /* ConnectingView.swift in Sources */,
				C33A6C0D267CA87400FCF8C5 /* GameContainer.swift in Sources */,
				C303CC5C2680B9F400201FEF /* LocalPlayerView.swift in Sources */,
				C303CC522680B4AB00201FEF /* PlayerView.swift in Sources */,
				C303CC582680B73D00201FEF /* CardView.swift in Sources */,
				C3812A58267C816400397E65 /* ContentView.swift in Sources */,
				C303CC492680B23E00201FEF /* GameView.swift in Sources */,
				C303CC4C2680B27E00201FEF /* StatedButton.swift in Sources */,
				C303CC622680CE3E00201FEF /* MenuView.swift in Sources */,
				C303CC5E2680BEC400201FEF /* CardWaverView.swift in Sources */,
				C303CC602680C23600201FEF /* OrientationStack.swift in Sources */,
				C39A09572682159C00F011BB /* AlertView.swift in Sources */,
				C303CC5A2680B7E900201FEF /* TableView.swift in Sources */,
				C3812A56267C816400397E65 /* ShitheadenAppApp.swift in Sources */,
			);
			runOnlyForDeploymentPostprocessing = 0;
		};
/* End PBXSourcesBuildPhase section */

/* Begin XCBuildConfiguration section */
		C3812A5E267C816500397E65 /* Debug */ = {
			isa = XCBuildConfiguration;
			buildSettings = {
				ALWAYS_SEARCH_USER_PATHS = NO;
				CLANG_ANALYZER_NONNULL = YES;
				CLANG_ANALYZER_NUMBER_OBJECT_CONVERSION = YES_AGGRESSIVE;
				CLANG_CXX_LANGUAGE_STANDARD = "gnu++14";
				CLANG_CXX_LIBRARY = "libc++";
				CLANG_ENABLE_MODULES = YES;
				CLANG_ENABLE_OBJC_ARC = YES;
				CLANG_ENABLE_OBJC_WEAK = YES;
				CLANG_WARN_BLOCK_CAPTURE_AUTORELEASING = YES;
				CLANG_WARN_BOOL_CONVERSION = YES;
				CLANG_WARN_COMMA = YES;
				CLANG_WARN_CONSTANT_CONVERSION = YES;
				CLANG_WARN_DEPRECATED_OBJC_IMPLEMENTATIONS = YES;
				CLANG_WARN_DIRECT_OBJC_ISA_USAGE = YES_ERROR;
				CLANG_WARN_DOCUMENTATION_COMMENTS = YES;
				CLANG_WARN_EMPTY_BODY = YES;
				CLANG_WARN_ENUM_CONVERSION = YES;
				CLANG_WARN_INFINITE_RECURSION = YES;
				CLANG_WARN_INT_CONVERSION = YES;
				CLANG_WARN_NON_LITERAL_NULL_CONVERSION = YES;
				CLANG_WARN_OBJC_IMPLICIT_RETAIN_SELF = YES;
				CLANG_WARN_OBJC_LITERAL_CONVERSION = YES;
				CLANG_WARN_OBJC_ROOT_CLASS = YES_ERROR;
				CLANG_WARN_QUOTED_INCLUDE_IN_FRAMEWORK_HEADER = YES;
				CLANG_WARN_RANGE_LOOP_ANALYSIS = YES;
				CLANG_WARN_STRICT_PROTOTYPES = YES;
				CLANG_WARN_SUSPICIOUS_MOVE = YES;
				CLANG_WARN_UNGUARDED_AVAILABILITY = YES_AGGRESSIVE;
				CLANG_WARN_UNREACHABLE_CODE = YES;
				CLANG_WARN__DUPLICATE_METHOD_MATCH = YES;
				COPY_PHASE_STRIP = NO;
				DEBUG_INFORMATION_FORMAT = dwarf;
				ENABLE_STRICT_OBJC_MSGSEND = YES;
				ENABLE_TESTABILITY = YES;
				GCC_C_LANGUAGE_STANDARD = gnu11;
				GCC_DYNAMIC_NO_PIC = NO;
				GCC_NO_COMMON_BLOCKS = YES;
				GCC_OPTIMIZATION_LEVEL = 0;
				GCC_PREPROCESSOR_DEFINITIONS = (
					"DEBUG=1",
					"$(inherited)",
				);
				GCC_WARN_64_TO_32_BIT_CONVERSION = YES;
				GCC_WARN_ABOUT_RETURN_TYPE = YES_ERROR;
				GCC_WARN_UNDECLARED_SELECTOR = YES;
				GCC_WARN_UNINITIALIZED_AUTOS = YES_AGGRESSIVE;
				GCC_WARN_UNUSED_FUNCTION = YES;
				GCC_WARN_UNUSED_VARIABLE = YES;
				IPHONEOS_DEPLOYMENT_TARGET = 15.0;
				MTL_ENABLE_DEBUG_INFO = INCLUDE_SOURCE;
				MTL_FAST_MATH = YES;
				ONLY_ACTIVE_ARCH = YES;
				SDKROOT = iphoneos;
				SWIFT_ACTIVE_COMPILATION_CONDITIONS = DEBUG;
				SWIFT_OPTIMIZATION_LEVEL = "-Onone";
			};
			name = Debug;
		};
		C3812A5F267C816500397E65 /* Release */ = {
			isa = XCBuildConfiguration;
			buildSettings = {
				ALWAYS_SEARCH_USER_PATHS = NO;
				CLANG_ANALYZER_NONNULL = YES;
				CLANG_ANALYZER_NUMBER_OBJECT_CONVERSION = YES_AGGRESSIVE;
				CLANG_CXX_LANGUAGE_STANDARD = "gnu++14";
				CLANG_CXX_LIBRARY = "libc++";
				CLANG_ENABLE_MODULES = YES;
				CLANG_ENABLE_OBJC_ARC = YES;
				CLANG_ENABLE_OBJC_WEAK = YES;
				CLANG_WARN_BLOCK_CAPTURE_AUTORELEASING = YES;
				CLANG_WARN_BOOL_CONVERSION = YES;
				CLANG_WARN_COMMA = YES;
				CLANG_WARN_CONSTANT_CONVERSION = YES;
				CLANG_WARN_DEPRECATED_OBJC_IMPLEMENTATIONS = YES;
				CLANG_WARN_DIRECT_OBJC_ISA_USAGE = YES_ERROR;
				CLANG_WARN_DOCUMENTATION_COMMENTS = YES;
				CLANG_WARN_EMPTY_BODY = YES;
				CLANG_WARN_ENUM_CONVERSION = YES;
				CLANG_WARN_INFINITE_RECURSION = YES;
				CLANG_WARN_INT_CONVERSION = YES;
				CLANG_WARN_NON_LITERAL_NULL_CONVERSION = YES;
				CLANG_WARN_OBJC_IMPLICIT_RETAIN_SELF = YES;
				CLANG_WARN_OBJC_LITERAL_CONVERSION = YES;
				CLANG_WARN_OBJC_ROOT_CLASS = YES_ERROR;
				CLANG_WARN_QUOTED_INCLUDE_IN_FRAMEWORK_HEADER = YES;
				CLANG_WARN_RANGE_LOOP_ANALYSIS = YES;
				CLANG_WARN_STRICT_PROTOTYPES = YES;
				CLANG_WARN_SUSPICIOUS_MOVE = YES;
				CLANG_WARN_UNGUARDED_AVAILABILITY = YES_AGGRESSIVE;
				CLANG_WARN_UNREACHABLE_CODE = YES;
				CLANG_WARN__DUPLICATE_METHOD_MATCH = YES;
				COPY_PHASE_STRIP = NO;
				DEBUG_INFORMATION_FORMAT = "dwarf-with-dsym";
				ENABLE_NS_ASSERTIONS = NO;
				ENABLE_STRICT_OBJC_MSGSEND = YES;
				GCC_C_LANGUAGE_STANDARD = gnu11;
				GCC_NO_COMMON_BLOCKS = YES;
				GCC_WARN_64_TO_32_BIT_CONVERSION = YES;
				GCC_WARN_ABOUT_RETURN_TYPE = YES_ERROR;
				GCC_WARN_UNDECLARED_SELECTOR = YES;
				GCC_WARN_UNINITIALIZED_AUTOS = YES_AGGRESSIVE;
				GCC_WARN_UNUSED_FUNCTION = YES;
				GCC_WARN_UNUSED_VARIABLE = YES;
				IPHONEOS_DEPLOYMENT_TARGET = 15.0;
				MTL_ENABLE_DEBUG_INFO = NO;
				MTL_FAST_MATH = YES;
				SDKROOT = iphoneos;
				SWIFT_COMPILATION_MODE = wholemodule;
				SWIFT_OPTIMIZATION_LEVEL = "-O";
				VALIDATE_PRODUCT = YES;
			};
			name = Release;
		};
		C3812A61267C816500397E65 /* Debug */ = {
			isa = XCBuildConfiguration;
			buildSettings = {
				ASSETCATALOG_COMPILER_APPICON_NAME = AppIcon;
				ASSETCATALOG_COMPILER_GLOBAL_ACCENT_COLOR_NAME = AccentColor;
				CODE_SIGN_ENTITLEMENTS = ShitheadenApp/ShitheadenApp.entitlements;
				CODE_SIGN_STYLE = Automatic;
				CURRENT_PROJECT_VERSION = 1;
				DEVELOPMENT_ASSET_PATHS = "\"ShitheadenApp/Preview Content\"";
				DEVELOPMENT_TEAM = 3LF943TRKL;
				ENABLE_PREVIEWS = YES;
				GENERATE_INFOPLIST_FILE = YES;
				INFOPLIST_FILE = ShitheadenApp/Info.plist;
				INFOPLIST_KEY_CFBundleExecutable = ShitheadenApp;
				INFOPLIST_KEY_CFBundleName = ShitheadenApp;
				INFOPLIST_KEY_CFBundleVersion = 1;
				INFOPLIST_KEY_UIApplicationSceneManifest_Generation = YES;
				INFOPLIST_KEY_UIApplicationSupportsIndirectInputEvents = YES;
				INFOPLIST_KEY_UILaunchScreen_Generation = YES;
				INFOPLIST_KEY_UISupportedInterfaceOrientations_iPad = "UIInterfaceOrientationPortrait UIInterfaceOrientationPortraitUpsideDown UIInterfaceOrientationLandscapeLeft UIInterfaceOrientationLandscapeRight";
				INFOPLIST_KEY_UISupportedInterfaceOrientations_iPhone = "UIInterfaceOrientationPortrait UIInterfaceOrientationLandscapeLeft UIInterfaceOrientationLandscapeRight";
				IPHONEOS_DEPLOYMENT_TARGET = 15.0;
				LD_RUNPATH_SEARCH_PATHS = (
					"$(inherited)",
					"@executable_path/Frameworks",
				);
				LIBRARY_SEARCH_PATHS = (
					"$(inherited)",
					"$(PROJECT_DIR)/ShitheadenApp",
				);
				MARKETING_VERSION = 1.0;
				PRODUCT_BUNDLE_IDENTIFIER = ma.harkema.ShitheadenApp;
				PRODUCT_NAME = "$(TARGET_NAME)";
				SUPPORTS_MACCATALYST = YES;
				SWIFT_EMIT_LOC_STRINGS = YES;
				SWIFT_VERSION = 5.0;
				TARGETED_DEVICE_FAMILY = "1,2,6";
			};
			name = Debug;
		};
		C3812A62267C816500397E65 /* Release */ = {
			isa = XCBuildConfiguration;
			buildSettings = {
				ASSETCATALOG_COMPILER_APPICON_NAME = AppIcon;
				ASSETCATALOG_COMPILER_GLOBAL_ACCENT_COLOR_NAME = AccentColor;
				CODE_SIGN_ENTITLEMENTS = ShitheadenApp/ShitheadenApp.entitlements;
				CODE_SIGN_STYLE = Automatic;
				CURRENT_PROJECT_VERSION = 1;
				DEVELOPMENT_ASSET_PATHS = "\"ShitheadenApp/Preview Content\"";
				DEVELOPMENT_TEAM = 3LF943TRKL;
				ENABLE_PREVIEWS = YES;
				GENERATE_INFOPLIST_FILE = YES;
				INFOPLIST_FILE = ShitheadenApp/Info.plist;
				INFOPLIST_KEY_CFBundleExecutable = ShitheadenApp;
				INFOPLIST_KEY_CFBundleName = ShitheadenApp;
				INFOPLIST_KEY_CFBundleVersion = 1;
				INFOPLIST_KEY_UIApplicationSceneManifest_Generation = YES;
				INFOPLIST_KEY_UIApplicationSupportsIndirectInputEvents = YES;
				INFOPLIST_KEY_UILaunchScreen_Generation = YES;
				INFOPLIST_KEY_UISupportedInterfaceOrientations_iPad = "UIInterfaceOrientationPortrait UIInterfaceOrientationPortraitUpsideDown UIInterfaceOrientationLandscapeLeft UIInterfaceOrientationLandscapeRight";
				INFOPLIST_KEY_UISupportedInterfaceOrientations_iPhone = "UIInterfaceOrientationPortrait UIInterfaceOrientationLandscapeLeft UIInterfaceOrientationLandscapeRight";
				IPHONEOS_DEPLOYMENT_TARGET = 15.0;
				LD_RUNPATH_SEARCH_PATHS = (
					"$(inherited)",
					"@executable_path/Frameworks",
				);
				LIBRARY_SEARCH_PATHS = (
					"$(inherited)",
					"$(PROJECT_DIR)/ShitheadenApp",
				);
				MARKETING_VERSION = 1.0;
				PRODUCT_BUNDLE_IDENTIFIER = ma.harkema.ShitheadenApp;
				PRODUCT_NAME = "$(TARGET_NAME)";
				SUPPORTS_MACCATALYST = YES;
				SWIFT_EMIT_LOC_STRINGS = YES;
				SWIFT_VERSION = 5.0;
				TARGETED_DEVICE_FAMILY = "1,2,6";
			};
			name = Release;
		};
/* End XCBuildConfiguration section */

/* Begin XCConfigurationList section */
		C3812A4D267C816400397E65 /* Build configuration list for PBXProject "ShitheadenApp" */ = {
			isa = XCConfigurationList;
			buildConfigurations = (
				C3812A5E267C816500397E65 /* Debug */,
				C3812A5F267C816500397E65 /* Release */,
			);
			defaultConfigurationIsVisible = 0;
			defaultConfigurationName = Release;
		};
		C3812A60267C816500397E65 /* Build configuration list for PBXNativeTarget "ShitheadenApp" */ = {
			isa = XCConfigurationList;
			buildConfigurations = (
				C3812A61267C816500397E65 /* Debug */,
				C3812A62267C816500397E65 /* Release */,
			);
			defaultConfigurationIsVisible = 0;
			defaultConfigurationName = Release;
		};
/* End XCConfigurationList section */

/* Begin XCSwiftPackageProductDependency section */
		C314E6B2267CF97500A50A98 /* ShitheadenRuntime */ = {
			isa = XCSwiftPackageProductDependency;
			productName = ShitheadenRuntime;
		};
		C33A6C16267CD04800FCF8C5 /* CustomAlgo */ = {
			isa = XCSwiftPackageProductDependency;
			productName = CustomAlgo;
		};
/* End XCSwiftPackageProductDependency section */
	};
	rootObject = C3812A4A267C816400397E65 /* Project object */;
}
